
Microsoft Visual Studio Solution File, Format Version 12.00
# Visual Studio Version 16
VisualStudioVersion = 16.0.29306.81
MinimumVisualStudioVersion = 10.0.40219.1
Project("{9A19103F-16F7-4668-BE54-9A1E7A4F7556}") = "RX.Nyss.Data", "src\RX.Nyss.Data\RX.Nyss.Data.csproj", "{DA60D2B2-606A-479F-AA05-9161FC28171D}"
EndProject
Project("{9A19103F-16F7-4668-BE54-9A1E7A4F7556}") = "RX.Nyss.Data.MigrationApp", "src\RX.Nyss.Data.MigrationApp\RX.Nyss.Data.MigrationApp.csproj", "{BAF4D1A8-D007-4C96-80F9-7F8D39BCD742}"
EndProject
Project("{9A19103F-16F7-4668-BE54-9A1E7A4F7556}") = "RX.Nyss.FuncApp", "src\RX.Nyss.FuncApp\RX.Nyss.FuncApp.csproj", "{124D4B8B-2B51-4492-AEBF-039C0E1D4A41}"
EndProject
Project("{9A19103F-16F7-4668-BE54-9A1E7A4F7556}") = "RX.Nyss.ReportApi", "src\RX.Nyss.ReportApi\RX.Nyss.ReportApi.csproj", "{93080C50-EACC-4173-A0FC-E317B431B689}"
EndProject
Project("{9A19103F-16F7-4668-BE54-9A1E7A4F7556}") = "RX.Nyss.ReportFuncApp", "src\RX.Nyss.ReportFuncApp\RX.Nyss.ReportFuncApp.csproj", "{EFF20C21-8434-4323-9758-B4AF827318CD}"
EndProject
Project("{9A19103F-16F7-4668-BE54-9A1E7A4F7556}") = "RX.Nyss.Web", "src\RX.Nyss.Web\RX.Nyss.Web.csproj", "{A969CE53-9CC9-4E05-B6F7-7AE95C944C6B}"
EndProject
Project("{9A19103F-16F7-4668-BE54-9A1E7A4F7556}") = "RX.Nyss.FuncApp.Tests", "tests\RX.Nyss.FuncApp.Tests\RX.Nyss.FuncApp.Tests.csproj", "{5942E7A2-04FB-4377-BACD-DC7C841AE62D}"
EndProject
Project("{9A19103F-16F7-4668-BE54-9A1E7A4F7556}") = "RX.Nyss.ReportApi.Tests", "tests\RX.Nyss.ReportApi.Tests\RX.Nyss.ReportApi.Tests.csproj", "{7CDC128B-0DC0-4699-8297-32A3026ACF56}"
EndProject
Project("{9A19103F-16F7-4668-BE54-9A1E7A4F7556}") = "RX.Nyss.ReportFuncApp.Tests", "tests\RX.Nyss.ReportFuncApp.Tests\RX.Nyss.ReportFuncApp.Tests.csproj", "{51BB9B63-86D3-4DF7-AF05-9EB245289CDC}"
EndProject
Project("{9A19103F-16F7-4668-BE54-9A1E7A4F7556}") = "RX.Nyss.Web.Tests", "tests\Rx.Nyss.Web.Tests\RX.Nyss.Web.Tests.csproj", "{4749EB19-ED6F-4AC4-9B9B-E382B5853B97}"
EndProject
Project("{2150E333-8FDC-42A3-9474-1A3956D46DE8}") = "Tests", "Tests", "{2F1385A2-1016-46FA-A306-3AF8FFE25A48}"
EndProject
Project("{FAE04EC0-301F-11D3-BF4B-00C04F79EFBC}") = "RX.Nyss.Common", "src\RX.Nyss.Common\RX.Nyss.Common.csproj", "{14878B88-92CE-4DA1-BDC9-4D18A975DB3A}"
EndProject
Global
	GlobalSection(SolutionConfigurationPlatforms) = preSolution
		Debug|Any CPU = Debug|Any CPU
		Release|Any CPU = Release|Any CPU
	EndGlobalSection
	GlobalSection(ProjectConfigurationPlatforms) = postSolution
		{DA60D2B2-606A-479F-AA05-9161FC28171D}.Debug|Any CPU.ActiveCfg = Debug|Any CPU
		{DA60D2B2-606A-479F-AA05-9161FC28171D}.Debug|Any CPU.Build.0 = Debug|Any CPU
		{DA60D2B2-606A-479F-AA05-9161FC28171D}.Release|Any CPU.ActiveCfg = Release|Any CPU
		{DA60D2B2-606A-479F-AA05-9161FC28171D}.Release|Any CPU.Build.0 = Release|Any CPU
		{BAF4D1A8-D007-4C96-80F9-7F8D39BCD742}.Debug|Any CPU.ActiveCfg = Debug|Any CPU
		{BAF4D1A8-D007-4C96-80F9-7F8D39BCD742}.Debug|Any CPU.Build.0 = Debug|Any CPU
		{BAF4D1A8-D007-4C96-80F9-7F8D39BCD742}.Release|Any CPU.ActiveCfg = Release|Any CPU
		{BAF4D1A8-D007-4C96-80F9-7F8D39BCD742}.Release|Any CPU.Build.0 = Release|Any CPU
		{124D4B8B-2B51-4492-AEBF-039C0E1D4A41}.Debug|Any CPU.ActiveCfg = Debug|Any CPU
		{124D4B8B-2B51-4492-AEBF-039C0E1D4A41}.Debug|Any CPU.Build.0 = Debug|Any CPU
		{124D4B8B-2B51-4492-AEBF-039C0E1D4A41}.Release|Any CPU.ActiveCfg = Release|Any CPU
		{124D4B8B-2B51-4492-AEBF-039C0E1D4A41}.Release|Any CPU.Build.0 = Release|Any CPU
		{93080C50-EACC-4173-A0FC-E317B431B689}.Debug|Any CPU.ActiveCfg = Debug|Any CPU
		{93080C50-EACC-4173-A0FC-E317B431B689}.Debug|Any CPU.Build.0 = Debug|Any CPU
		{93080C50-EACC-4173-A0FC-E317B431B689}.Release|Any CPU.ActiveCfg = Release|Any CPU
		{93080C50-EACC-4173-A0FC-E317B431B689}.Release|Any CPU.Build.0 = Release|Any CPU
		{EFF20C21-8434-4323-9758-B4AF827318CD}.Debug|Any CPU.ActiveCfg = Debug|Any CPU
		{EFF20C21-8434-4323-9758-B4AF827318CD}.Debug|Any CPU.Build.0 = Debug|Any CPU
		{EFF20C21-8434-4323-9758-B4AF827318CD}.Release|Any CPU.ActiveCfg = Release|Any CPU
		{EFF20C21-8434-4323-9758-B4AF827318CD}.Release|Any CPU.Build.0 = Release|Any CPU
		{A969CE53-9CC9-4E05-B6F7-7AE95C944C6B}.Debug|Any CPU.ActiveCfg = Debug|Any CPU
		{A969CE53-9CC9-4E05-B6F7-7AE95C944C6B}.Debug|Any CPU.Build.0 = Debug|Any CPU
		{A969CE53-9CC9-4E05-B6F7-7AE95C944C6B}.Release|Any CPU.ActiveCfg = Release|Any CPU
		{A969CE53-9CC9-4E05-B6F7-7AE95C944C6B}.Release|Any CPU.Build.0 = Release|Any CPU
		{5942E7A2-04FB-4377-BACD-DC7C841AE62D}.Debug|Any CPU.ActiveCfg = Debug|Any CPU
		{5942E7A2-04FB-4377-BACD-DC7C841AE62D}.Debug|Any CPU.Build.0 = Debug|Any CPU
		{5942E7A2-04FB-4377-BACD-DC7C841AE62D}.Release|Any CPU.ActiveCfg = Release|Any CPU
		{5942E7A2-04FB-4377-BACD-DC7C841AE62D}.Release|Any CPU.Build.0 = Release|Any CPU
		{7CDC128B-0DC0-4699-8297-32A3026ACF56}.Debug|Any CPU.ActiveCfg = Debug|Any CPU
		{7CDC128B-0DC0-4699-8297-32A3026ACF56}.Debug|Any CPU.Build.0 = Debug|Any CPU
		{7CDC128B-0DC0-4699-8297-32A3026ACF56}.Release|Any CPU.ActiveCfg = Release|Any CPU
		{7CDC128B-0DC0-4699-8297-32A3026ACF56}.Release|Any CPU.Build.0 = Release|Any CPU
		{51BB9B63-86D3-4DF7-AF05-9EB245289CDC}.Debug|Any CPU.ActiveCfg = Debug|Any CPU
		{51BB9B63-86D3-4DF7-AF05-9EB245289CDC}.Debug|Any CPU.Build.0 = Debug|Any CPU
		{51BB9B63-86D3-4DF7-AF05-9EB245289CDC}.Release|Any CPU.ActiveCfg = Release|Any CPU
		{51BB9B63-86D3-4DF7-AF05-9EB245289CDC}.Release|Any CPU.Build.0 = Release|Any CPU
		{4749EB19-ED6F-4AC4-9B9B-E382B5853B97}.Debug|Any CPU.ActiveCfg = Debug|Any CPU
		{4749EB19-ED6F-4AC4-9B9B-E382B5853B97}.Debug|Any CPU.Build.0 = Debug|Any CPU
		{4749EB19-ED6F-4AC4-9B9B-E382B5853B97}.Release|Any CPU.ActiveCfg = Release|Any CPU
		{14878B88-92CE-4DA1-BDC9-4D18A975DB3A}.Debug|Any CPU.ActiveCfg = Debug|Any CPU
		{14878B88-92CE-4DA1-BDC9-4D18A975DB3A}.Debug|Any CPU.Build.0 = Debug|Any CPU
		{14878B88-92CE-4DA1-BDC9-4D18A975DB3A}.Release|Any CPU.ActiveCfg = Release|Any CPU
		{14878B88-92CE-4DA1-BDC9-4D18A975DB3A}.Release|Any CPU.Build.0 = Release|Any CPU
	EndGlobalSection
	GlobalSection(SolutionProperties) = preSolution
		HideSolutionNode = FALSE
	EndGlobalSection
	GlobalSection(NestedProjects) = preSolution
		{5942E7A2-04FB-4377-BACD-DC7C841AE62D} = {2F1385A2-1016-46FA-A306-3AF8FFE25A48}
		{7CDC128B-0DC0-4699-8297-32A3026ACF56} = {2F1385A2-1016-46FA-A306-3AF8FFE25A48}
		{51BB9B63-86D3-4DF7-AF05-9EB245289CDC} = {2F1385A2-1016-46FA-A306-3AF8FFE25A48}
		{4749EB19-ED6F-4AC4-9B9B-E382B5853B97} = {2F1385A2-1016-46FA-A306-3AF8FFE25A48}
	EndGlobalSection
	GlobalSection(ExtensibilityGlobals) = postSolution
		SolutionGuid = {93804247-38BB-4F83-9685-950DD6319B7D}
	EndGlobalSection
EndGlobal
